<?xml version="1.0" encoding="utf-8"?>
<Project ToolsVersion="4.0" xmlns="http://schemas.microsoft.com/developer/msbuild/2003">
  <ItemGroup>
    <Filter Include="Source Files">
      <UniqueIdentifier>{98886615-b3e1-4285-a22f-3dc347a0a592}</UniqueIdentifier>
      <Extensions>cpp;c;edl;def; .. and other options</Extensions>
    </Filter>
    <Filter Include="Header Files">
      <UniqueIdentifier>{369ee865-dc8d-43f2-b00f-7bc9e144c4ae}</UniqueIdentifier>
      <Extensions>h;hpp; .. and other options</Extensions>
    </Filter>
    <Filter Include="Resource Files">
      <UniqueIdentifier>{97bba242-ca51-49d1-a681-cd165a765dbf}</UniqueIdentifier>
      <Extensions>rc;xml;pem; .. and other options</Extensions>
    </Filter>
    <Filter Include="Generated Files">
      <UniqueIdentifier>{416edd81-83d3-442a-ae6f-e2f869c1d9f0}</UniqueIdentifier>
    </Filter>
    <Filter Include="Source Files\helper">
      <UniqueIdentifier>{97a0dbb1-8d64-4cb5-946d-aed8308cdf5d}</UniqueIdentifier>
    </Filter>
    <Filter Include="Source Files\scrapers">
      <UniqueIdentifier>{48358b76-98fb-4bf6-8bc9-f69ad12a14d9}</UniqueIdentifier>
    </Filter>
  </ItemGroup>
  <ItemGroup>
    <CustomBuild Include="Enclave.edl">
      <Filter>Source Files</Filter>
    </CustomBuild>
  </ItemGroup>
  <ItemGroup>
    <ClCompile Include="Enclave_t.c">
      <Filter>Generated Files</Filter>
    </ClCompile>
    <ClCompile Include="RootCerts.c">
      <Filter>Source Files</Filter>
    </ClCompile>
    <ClCompile Include="ECDAS.c">
      <Filter>Source Files</Filter>
    </ClCompile>
    <ClCompile Include="keccak.c">
      <Filter>Source Files</Filter>
    </ClCompile>
    <ClCompile Include="SSLClient.c">
      <Filter>Source Files</Filter>
    </ClCompile>
    <ClCompile Include="Transaction.cpp">
      <Filter>Source Files</Filter>
    </ClCompile>
    <ClCompile Include="Scraper_lib.c">
      <Filter>Source Files\scrapers</Filter>
    </ClCompile>
    <ClCompile Include="Flight.cpp">
      <Filter>Source Files\scrapers</Filter>
    </ClCompile>
    <ClCompile Include="..\Common\Debug.c">
      <Filter>Source Files\helper</Filter>
    </ClCompile>
    <ClCompile Include="..\Common\Log.c">
      <Filter>Source Files\helper</Filter>
    </ClCompile>
    <ClCompile Include="ABI.cpp">
      <Filter>Source Files</Filter>
    </ClCompile>
    <ClCompile Include="EventHandler.cpp">
      <Filter>Source Files</Filter>
    </ClCompile>
    <ClCompile Include="StockTicker.cpp">
      <Filter>Source Files\scrapers</Filter>
    </ClCompile>
    <ClCompile Include="Attestation_Enc.c">
      <Filter>Source Files</Filter>
    </ClCompile>
    <ClCompile Include="Steam2.cpp">
      <Filter>Source Files\scrapers</Filter>
    </ClCompile>
    <ClCompile Include="Current_bloomberg.cpp">
      <Filter>Source Files\scrapers</Filter>
    </ClCompile>
    <ClCompile Include="Current_Google.cpp">
      <Filter>Source Files\scrapers</Filter>
    </ClCompile>
    <ClCompile Include="Current_Yahoo.cpp">
      <Filter>Source Files\scrapers</Filter>
    </ClCompile>
    <ClCompile Include="UPS_Tracking.cpp">
      <Filter>Source Files\scrapers</Filter>
    </ClCompile>
  </ItemGroup>
  <ItemGroup>
    <None Include="Enclave_private.pem">
      <Filter>Resource Files</Filter>
    </None>
  </ItemGroup>
  <ItemGroup>
    <Xml Include="Enclave.config.xml">
      <Filter>Resource Files</Filter>
    </Xml>
  </ItemGroup>
  <ItemGroup>
    <ClInclude Include="Enclave_t.h">
      <Filter>Generated Files</Filter>
    </ClInclude>
    <ClInclude Include="RootCerts.h">
      <Filter>Source Files</Filter>
    </ClInclude>
    <ClInclude Include="Enclave.h">
      <Filter>Source Files</Filter>
    </ClInclude>
    <ClInclude Include="keccak.h">
      <Filter>Source Files</Filter>
    </ClInclude>
    <ClInclude Include="SSLClient.h">
      <Filter>Source Files</Filter>
    </ClInclude>
    <ClInclude Include="ECDSA.h">
      <Filter>Source Files</Filter>
    </ClInclude>
    <ClInclude Include="Transaction.h">
      <Filter>Source Files</Filter>
    </ClInclude>
    <ClInclude Include="Scraper_lib.h">
      <Filter>Source Files\scrapers</Filter>
    </ClInclude>
    <ClInclude Include="..\Common\Debug.h">
      <Filter>Source Files\helper</Filter>
    </ClInclude>
    <ClInclude Include="..\Common\Log.h">
      <Filter>Source Files\helper</Filter>
    </ClInclude>
    <ClInclude Include="ABI.h">
      <Filter>Source Files</Filter>
    </ClInclude>
    <ClInclude Include="Commons.h">
      <Filter>Source Files</Filter>
    </ClInclude>
    <ClInclude Include="EventHandler.h">
      <Filter>Source Files</Filter>
    </ClInclude>
    <ClInclude Include="..\Common\Constants.h">
      <Filter>Source Files\helper</Filter>
    </ClInclude>
    <ClInclude Include="handlers.h">
      <Filter>Source Files\scrapers</Filter>
    </ClInclude>
    <ClInclude Include="int.h">
      <Filter>Source Files\helper</Filter>
    </ClInclude>
  </ItemGroup>
</Project>