
Microsoft Visual Studio Solution File, Format Version 12.00
# Visual Studio 2012
Project("{8BC9CEB8-8B4A-11D0-8D11-00A0C91BC942}") = "simple_enclave", "simple_enclave\simple_enclave.vcxproj", "{9996FDED-6FE8-49D1-86F6-32781AC27161}"
EndProject
Project("{8BC9CEB8-8B4A-11D0-8D11-00A0C91BC942}") = "app_using_enclave", "app_using_enclave\app_using_enclave.vcxproj", "{2FECDF0E-0B12-468A-8294-EC6EE0605C33}"
EndProject
Global
	GlobalSection(SolutionConfigurationPlatforms) = preSolution
		Debug|Win32 = Debug|Win32
		Prerelease|Win32 = Prerelease|Win32
		Release|Win32 = Release|Win32
		Simulation|Win32 = Simulation|Win32
	EndGlobalSection
	GlobalSection(ProjectConfigurationPlatforms) = postSolution
		{9996FDED-6FE8-49D1-86F6-32781AC27161}.Debug|Win32.ActiveCfg = Simulation|Win32
		{9996FDED-6FE8-49D1-86F6-32781AC27161}.Debug|Win32.Build.0 = Simulation|Win32
		{9996FDED-6FE8-49D1-86F6-32781AC27161}.Prerelease|Win32.ActiveCfg = Prerelease|Win32
		{9996FDED-6FE8-49D1-86F6-32781AC27161}.Prerelease|Win32.Build.0 = Prerelease|Win32
		{9996FDED-6FE8-49D1-86F6-32781AC27161}.Release|Win32.ActiveCfg = Release|Win32
		{9996FDED-6FE8-49D1-86F6-32781AC27161}.Release|Win32.Build.0 = Release|Win32
		{9996FDED-6FE8-49D1-86F6-32781AC27161}.Simulation|Win32.ActiveCfg = Simulation|Win32
		{9996FDED-6FE8-49D1-86F6-32781AC27161}.Simulation|Win32.Build.0 = Simulation|Win32
		{2FECDF0E-0B12-468A-8294-EC6EE0605C33}.Debug|Win32.ActiveCfg = Simulation|Win32
		{2FECDF0E-0B12-468A-8294-EC6EE0605C33}.Debug|Win32.Build.0 = Simulation|Win32
		{2FECDF0E-0B12-468A-8294-EC6EE0605C33}.Prerelease|Win32.ActiveCfg = Prerelease|Win32
		{2FECDF0E-0B12-468A-8294-EC6EE0605C33}.Prerelease|Win32.Build.0 = Prerelease|Win32
		{2FECDF0E-0B12-468A-8294-EC6EE0605C33}.Release|Win32.ActiveCfg = Release|Win32
		{2FECDF0E-0B12-468A-8294-EC6EE0605C33}.Release|Win32.Build.0 = Release|Win32
		{2FECDF0E-0B12-468A-8294-EC6EE0605C33}.Simulation|Win32.ActiveCfg = Simulation|Win32
		{2FECDF0E-0B12-468A-8294-EC6EE0605C33}.Simulation|Win32.Build.0 = Simulation|Win32
	EndGlobalSection
	GlobalSection(SolutionProperties) = preSolution
		HideSolutionNode = FALSE
	EndGlobalSection
EndGlobal
