<?xml version="1.0" encoding="utf-8"?>
<Project ToolsVersion="4.0" xmlns="http://schemas.microsoft.com/developer/msbuild/2003">
  <ItemGroup>
    <Filter Include="Generated Files">
      <UniqueIdentifier>{7c301347-c9af-4bda-9f8f-6876a4c974c1}</UniqueIdentifier>
    </Filter>
    <Filter Include="Source Files">
      <UniqueIdentifier>{6ce3b96d-a41d-49bb-8a10-06bb1bc8db5d}</UniqueIdentifier>
      <Extensions>cpp;c;edl;def; .. and other options</Extensions>
    </Filter>
    <Filter Include="Header Files">
      <UniqueIdentifier>{6bf8fae8-1b73-4904-b199-a8acf132af1a}</UniqueIdentifier>
      <Extensions>h;hpp; .. and other options</Extensions>
    </Filter>
    <Filter Include="Resource Files">
      <UniqueIdentifier>{04837c73-019d-4a44-9223-6e43173c6010}</UniqueIdentifier>
      <Extensions>rc;xml;pem; .. and other options</Extensions>
    </Filter>
    <Filter Include="Untrusted">
      <UniqueIdentifier>{fcfa158d-6036-4189-baf0-e4763bf1c485}</UniqueIdentifier>
    </Filter>
  </ItemGroup>
  <ItemGroup>
    <ClInclude Include="TLSlib_t.h">
      <Filter>Generated Files</Filter>
    </ClInclude>
    <ClInclude Include="io.h">
      <Filter>Header Files</Filter>
    </ClInclude>
  </ItemGroup>
  <ItemGroup>
    <Text Include="ReadMe.txt" />
    <Text Include="library\CMakeLists.txt">
      <Filter>Source Files</Filter>
    </Text>
  </ItemGroup>
  <ItemGroup>
    <CustomBuild Include="TLSlib.edl">
      <Filter>Source Files</Filter>
    </CustomBuild>
  </ItemGroup>
  <ItemGroup>
    <None Include="library\.gitignore">
      <Filter>Source Files</Filter>
    </None>
    <None Include="library\Makefile">
      <Filter>Source Files</Filter>
    </None>
  </ItemGroup>
  <ItemGroup>
    <ClCompile Include="library\aes.c">
      <Filter>Source Files</Filter>
    </ClCompile>
    <ClCompile Include="library\aesni.c">
      <Filter>Source Files</Filter>
    </ClCompile>
    <ClCompile Include="library\arc4.c">
      <Filter>Source Files</Filter>
    </ClCompile>
    <ClCompile Include="library\asn1parse.c">
      <Filter>Source Files</Filter>
    </ClCompile>
    <ClCompile Include="library\asn1write.c">
      <Filter>Source Files</Filter>
    </ClCompile>
    <ClCompile Include="library\base64.c">
      <Filter>Source Files</Filter>
    </ClCompile>
    <ClCompile Include="library\bignum.c">
      <Filter>Source Files</Filter>
    </ClCompile>
    <ClCompile Include="library\blowfish.c">
      <Filter>Source Files</Filter>
    </ClCompile>
    <ClCompile Include="library\camellia.c">
      <Filter>Source Files</Filter>
    </ClCompile>
    <ClCompile Include="library\ccm.c">
      <Filter>Source Files</Filter>
    </ClCompile>
    <ClCompile Include="library\certs.c">
      <Filter>Source Files</Filter>
    </ClCompile>
    <ClCompile Include="library\cipher.c">
      <Filter>Source Files</Filter>
    </ClCompile>
    <ClCompile Include="library\cipher_wrap.c">
      <Filter>Source Files</Filter>
    </ClCompile>
    <ClCompile Include="library\ctr_drbg.c">
      <Filter>Source Files</Filter>
    </ClCompile>
    <ClCompile Include="library\debug.c">
      <Filter>Source Files</Filter>
    </ClCompile>
    <ClCompile Include="library\des.c">
      <Filter>Source Files</Filter>
    </ClCompile>
    <ClCompile Include="library\dhm.c">
      <Filter>Source Files</Filter>
    </ClCompile>
    <ClCompile Include="library\ecdh.c">
      <Filter>Source Files</Filter>
    </ClCompile>
    <ClCompile Include="library\ecdsa.c">
      <Filter>Source Files</Filter>
    </ClCompile>
    <ClCompile Include="library\ecjpake.c">
      <Filter>Source Files</Filter>
    </ClCompile>
    <ClCompile Include="library\ecp.c">
      <Filter>Source Files</Filter>
    </ClCompile>
    <ClCompile Include="library\ecp_curves.c">
      <Filter>Source Files</Filter>
    </ClCompile>
    <ClCompile Include="library\entropy.c">
      <Filter>Source Files</Filter>
    </ClCompile>
    <ClCompile Include="library\entropy_poll.c">
      <Filter>Source Files</Filter>
    </ClCompile>
    <ClCompile Include="library\error.c">
      <Filter>Source Files</Filter>
    </ClCompile>
    <ClCompile Include="library\gcm.c">
      <Filter>Source Files</Filter>
    </ClCompile>
    <ClCompile Include="library\havege.c">
      <Filter>Source Files</Filter>
    </ClCompile>
    <ClCompile Include="library\hmac_drbg.c">
      <Filter>Source Files</Filter>
    </ClCompile>
    <ClCompile Include="library\md.c">
      <Filter>Source Files</Filter>
    </ClCompile>
    <ClCompile Include="library\md2.c">
      <Filter>Source Files</Filter>
    </ClCompile>
    <ClCompile Include="library\md4.c">
      <Filter>Source Files</Filter>
    </ClCompile>
    <ClCompile Include="library\md5.c">
      <Filter>Source Files</Filter>
    </ClCompile>
    <ClCompile Include="library\md_wrap.c">
      <Filter>Source Files</Filter>
    </ClCompile>
    <ClCompile Include="library\memory_buffer_alloc.c">
      <Filter>Source Files</Filter>
    </ClCompile>
    <ClCompile Include="library\net.c">
      <Filter>Source Files</Filter>
    </ClCompile>
    <ClCompile Include="library\oid.c">
      <Filter>Source Files</Filter>
    </ClCompile>
    <ClCompile Include="library\padlock.c">
      <Filter>Source Files</Filter>
    </ClCompile>
    <ClCompile Include="library\pem.c">
      <Filter>Source Files</Filter>
    </ClCompile>
    <ClCompile Include="library\pk.c">
      <Filter>Source Files</Filter>
    </ClCompile>
    <ClCompile Include="library\pk_wrap.c">
      <Filter>Source Files</Filter>
    </ClCompile>
    <ClCompile Include="library\pkcs11.c">
      <Filter>Source Files</Filter>
    </ClCompile>
    <ClCompile Include="library\pkcs12.c">
      <Filter>Source Files</Filter>
    </ClCompile>
    <ClCompile Include="library\pkcs5.c">
      <Filter>Source Files</Filter>
    </ClCompile>
    <ClCompile Include="library\pkparse.c">
      <Filter>Source Files</Filter>
    </ClCompile>
    <ClCompile Include="library\pkwrite.c">
      <Filter>Source Files</Filter>
    </ClCompile>
    <ClCompile Include="library\platform.c">
      <Filter>Source Files</Filter>
    </ClCompile>
    <ClCompile Include="library\ripemd160.c">
      <Filter>Source Files</Filter>
    </ClCompile>
    <ClCompile Include="library\rsa.c">
      <Filter>Source Files</Filter>
    </ClCompile>
    <ClCompile Include="library\sha1.c">
      <Filter>Source Files</Filter>
    </ClCompile>
    <ClCompile Include="library\sha256.c">
      <Filter>Source Files</Filter>
    </ClCompile>
    <ClCompile Include="library\sha512.c">
      <Filter>Source Files</Filter>
    </ClCompile>
    <ClCompile Include="library\ssl_cache.c">
      <Filter>Source Files</Filter>
    </ClCompile>
    <ClCompile Include="library\ssl_ciphersuites.c">
      <Filter>Source Files</Filter>
    </ClCompile>
    <ClCompile Include="library\ssl_cli.c">
      <Filter>Source Files</Filter>
    </ClCompile>
    <ClCompile Include="library\ssl_cookie.c">
      <Filter>Source Files</Filter>
    </ClCompile>
    <ClCompile Include="library\ssl_srv.c">
      <Filter>Source Files</Filter>
    </ClCompile>
    <ClCompile Include="library\ssl_ticket.c">
      <Filter>Source Files</Filter>
    </ClCompile>
    <ClCompile Include="library\ssl_tls.c">
      <Filter>Source Files</Filter>
    </ClCompile>
    <ClCompile Include="library\threading.c">
      <Filter>Source Files</Filter>
    </ClCompile>
    <ClCompile Include="library\timing.c">
      <Filter>Source Files</Filter>
    </ClCompile>
    <ClCompile Include="library\version.c">
      <Filter>Source Files</Filter>
    </ClCompile>
    <ClCompile Include="library\version_features.c">
      <Filter>Source Files</Filter>
    </ClCompile>
    <ClCompile Include="library\x509.c">
      <Filter>Source Files</Filter>
    </ClCompile>
    <ClCompile Include="library\x509_create.c">
      <Filter>Source Files</Filter>
    </ClCompile>
    <ClCompile Include="library\x509_crl.c">
      <Filter>Source Files</Filter>
    </ClCompile>
    <ClCompile Include="library\x509_crt.c">
      <Filter>Source Files</Filter>
    </ClCompile>
    <ClCompile Include="library\x509_csr.c">
      <Filter>Source Files</Filter>
    </ClCompile>
    <ClCompile Include="library\x509write_crt.c">
      <Filter>Source Files</Filter>
    </ClCompile>
    <ClCompile Include="library\x509write_csr.c">
      <Filter>Source Files</Filter>
    </ClCompile>
    <ClCompile Include="library\xtea.c">
      <Filter>Source Files</Filter>
    </ClCompile>
    <ClCompile Include="io.cpp">
      <Filter>Source Files</Filter>
    </ClCompile>
    <ClCompile Include="ocall.cpp">
      <Filter>Untrusted</Filter>
    </ClCompile>
  </ItemGroup>
</Project>