<?xml version="1.0" encoding="utf-8"?>
<Project ToolsVersion="4.0" xmlns="http://schemas.microsoft.com/developer/msbuild/2003">
  <ItemGroup>
    <Filter Include="Source Files">
      <UniqueIdentifier>{4FC737F1-C7A5-4376-A066-2A32D752A2FF}</UniqueIdentifier>
      <Extensions>cpp;c;cc;cxx;def;odl;idl;hpj;bat;asm;asmx</Extensions>
    </Filter>
    <Filter Include="Header Files">
      <UniqueIdentifier>{93995380-89BD-4b04-88EB-625FBE52EBFB}</UniqueIdentifier>
      <Extensions>h;hpp;hxx;hm;inl;inc;xsd</Extensions>
    </Filter>
    <Filter Include="Resource Files">
      <UniqueIdentifier>{67DA6AB6-F800-4c08-8B7A-83BB121AAD01}</UniqueIdentifier>
      <Extensions>rc;ico;cur;bmp;dlg;rc2;rct;bin;rgs;gif;jpg;jpeg;jpe;resx;tiff;tif;png;wav;mfcribbon-ms</Extensions>
    </Filter>
    <Filter Include="Generated Files">
      <UniqueIdentifier>{e392c9e8-4ffa-4fff-92ae-266babb954bb}</UniqueIdentifier>
    </Filter>
    <Filter Include="TLSSupport">
      <UniqueIdentifier>{e1a73113-54af-42a1-b99a-47faf1ea4f00}</UniqueIdentifier>
    </Filter>
    <Filter Include="jsonrpc-cpp">
      <UniqueIdentifier>{8fcbbe58-e0c5-4edf-a9eb-d083253303e5}</UniqueIdentifier>
    </Filter>
    <Filter Include="RemoteAtt">
      <UniqueIdentifier>{909ff6bf-71e5-4cc4-9b56-a8f2371c2ed3}</UniqueIdentifier>
    </Filter>
    <Filter Include="Source Files\helpers">
      <UniqueIdentifier>{eb989e53-a91f-468b-bb7f-f5455427d330}</UniqueIdentifier>
    </Filter>
  </ItemGroup>
  <ItemGroup>
    <ClCompile Include="Enclave_u.c">
      <Filter>Generated Files</Filter>
    </ClCompile>
    <ClCompile Include="net_u.c">
      <Filter>TLSSupport</Filter>
    </ClCompile>
    <ClCompile Include="..\jsonrpc-cpp-0.5\examples\tcp-client.cpp">
      <Filter>jsonrpc-cpp</Filter>
    </ClCompile>
    <ClCompile Include="..\jsonrpc-cpp-0.5\src\jsonrpc_client.cpp">
      <Filter>jsonrpc-cpp</Filter>
    </ClCompile>
    <ClCompile Include="..\jsonrpc-cpp-0.5\src\jsonrpc_handler.cpp">
      <Filter>jsonrpc-cpp</Filter>
    </ClCompile>
    <ClCompile Include="..\jsonrpc-cpp-0.5\src\jsonrpc_httpclient.cpp">
      <Filter>jsonrpc-cpp</Filter>
    </ClCompile>
    <ClCompile Include="..\jsonrpc-cpp-0.5\src\jsonrpc_server.cpp">
      <Filter>jsonrpc-cpp</Filter>
    </ClCompile>
    <ClCompile Include="..\jsonrpc-cpp-0.5\src\jsonrpc_tcpclient.cpp">
      <Filter>jsonrpc-cpp</Filter>
    </ClCompile>
    <ClCompile Include="..\jsonrpc-cpp-0.5\src\jsonrpc_tcpserver.cpp">
      <Filter>jsonrpc-cpp</Filter>
    </ClCompile>
    <ClCompile Include="..\jsonrpc-cpp-0.5\src\jsonrpc_udpclient.cpp">
      <Filter>jsonrpc-cpp</Filter>
    </ClCompile>
    <ClCompile Include="..\jsonrpc-cpp-0.5\src\jsonrpc_udpserver.cpp">
      <Filter>jsonrpc-cpp</Filter>
    </ClCompile>
    <ClCompile Include="..\jsonrpc-cpp-0.5\src\netstring.cpp">
      <Filter>jsonrpc-cpp</Filter>
    </ClCompile>
    <ClCompile Include="..\jsonrpc-cpp-0.5\src\networking.cpp">
      <Filter>jsonrpc-cpp</Filter>
    </ClCompile>
    <ClCompile Include="..\jsonrpc-cpp-0.5\src\system.cpp">
      <Filter>jsonrpc-cpp</Filter>
    </ClCompile>
    <ClCompile Include="RemoteAtt.c">
      <Filter>RemoteAtt</Filter>
    </ClCompile>
    <ClCompile Include="Utils.cpp">
      <Filter>Source Files</Filter>
    </ClCompile>
    <ClCompile Include="EthRPC.cpp">
      <Filter>Source Files</Filter>
    </ClCompile>
    <ClCompile Include="App.cpp">
      <Filter>Source Files</Filter>
    </ClCompile>
    <ClCompile Include="Monitor.cpp">
      <Filter>Source Files</Filter>
    </ClCompile>
    <ClCompile Include="..\Common\Debug.c">
      <Filter>Source Files\helpers</Filter>
    </ClCompile>
    <ClCompile Include="..\Common\Log.c">
      <Filter>Source Files\helpers</Filter>
    </ClCompile>
    <ClCompile Include="printf.c">
      <Filter>Source Files\helpers</Filter>
    </ClCompile>
    <ClCompile Include="Bookkeeping.cpp">
      <Filter>Source Files</Filter>
    </ClCompile>
    <ClCompile Include="sys_helper.cpp">
      <Filter>Source Files</Filter>
    </ClCompile>
  </ItemGroup>
  <ItemGroup>
    <ClInclude Include="Enclave_u.h">
      <Filter>Generated Files</Filter>
    </ClInclude>
    <ClInclude Include="App.h">
      <Filter>Source Files</Filter>
    </ClInclude>
    <ClInclude Include="..\jsonrpc-cpp-0.5\include\jsonrpc.h">
      <Filter>jsonrpc-cpp</Filter>
    </ClInclude>
    <ClInclude Include="..\jsonrpc-cpp-0.5\include\jsonrpc_client.h">
      <Filter>jsonrpc-cpp</Filter>
    </ClInclude>
    <ClInclude Include="..\jsonrpc-cpp-0.5\include\jsonrpc_common.h">
      <Filter>jsonrpc-cpp</Filter>
    </ClInclude>
    <ClInclude Include="..\jsonrpc-cpp-0.5\include\jsonrpc_handler.h">
      <Filter>jsonrpc-cpp</Filter>
    </ClInclude>
    <ClInclude Include="..\jsonrpc-cpp-0.5\include\jsonrpc_httpclient.h">
      <Filter>jsonrpc-cpp</Filter>
    </ClInclude>
    <ClInclude Include="..\jsonrpc-cpp-0.5\include\jsonrpc_server.h">
      <Filter>jsonrpc-cpp</Filter>
    </ClInclude>
    <ClInclude Include="..\jsonrpc-cpp-0.5\include\jsonrpc_tcpclient.h">
      <Filter>jsonrpc-cpp</Filter>
    </ClInclude>
    <ClInclude Include="..\jsonrpc-cpp-0.5\include\jsonrpc_tcpserver.h">
      <Filter>jsonrpc-cpp</Filter>
    </ClInclude>
    <ClInclude Include="..\jsonrpc-cpp-0.5\include\jsonrpc_udpclient.h">
      <Filter>jsonrpc-cpp</Filter>
    </ClInclude>
    <ClInclude Include="..\jsonrpc-cpp-0.5\include\jsonrpc_udpserver.h">
      <Filter>jsonrpc-cpp</Filter>
    </ClInclude>
    <ClInclude Include="..\jsonrpc-cpp-0.5\include\netstring.h">
      <Filter>jsonrpc-cpp</Filter>
    </ClInclude>
    <ClInclude Include="..\jsonrpc-cpp-0.5\include\networking.h">
      <Filter>jsonrpc-cpp</Filter>
    </ClInclude>
    <ClInclude Include="..\jsonrpc-cpp-0.5\include\system.h">
      <Filter>jsonrpc-cpp</Filter>
    </ClInclude>
    <ClInclude Include="RemoteAtt.h">
      <Filter>RemoteAtt</Filter>
    </ClInclude>
    <ClInclude Include="EthRPC.h">
      <Filter>Source Files</Filter>
    </ClInclude>
    <ClInclude Include="Monitor.h">
      <Filter>Source Files</Filter>
    </ClInclude>
    <ClInclude Include="..\Common\Debug.h">
      <Filter>Source Files\helpers</Filter>
    </ClInclude>
    <ClInclude Include="..\Common\Log.h">
      <Filter>Source Files\helpers</Filter>
    </ClInclude>
    <ClInclude Include="printf.h">
      <Filter>Source Files\helpers</Filter>
    </ClInclude>
    <ClInclude Include="Bookkeeping.h">
      <Filter>Source Files</Filter>
    </ClInclude>
    <ClInclude Include="sys_helper.h">
      <Filter>Source Files</Filter>
    </ClInclude>
    <ClInclude Include="Utils.h">
      <Filter>Source Files</Filter>
    </ClInclude>
    <ClInclude Include="..\Common\Constants.h">
      <Filter>Source Files\helpers</Filter>
    </ClInclude>
  </ItemGroup>
  <ItemGroup>
    <CustomBuild Include="..\Enclave\Enclave.edl">
      <Filter>Source Files</Filter>
    </CustomBuild>
  </ItemGroup>
</Project>