<?xml version="1.0" encoding="utf-8"?>
<Project ToolsVersion="4.0" xmlns="http://schemas.microsoft.com/developer/msbuild/2003">
  <ItemGroup>
    <Filter Include="Generated Files">
      <UniqueIdentifier>{9fc801e5-faf7-4ff1-ba5b-db71b9c33fd8}</UniqueIdentifier>
    </Filter>
    <Filter Include="Source Files">
      <UniqueIdentifier>{7666557b-06d8-412c-93e1-46c1eb292543}</UniqueIdentifier>
      <Extensions>cpp;c;edl;def; .. and other options</Extensions>
    </Filter>
    <Filter Include="Header Files">
      <UniqueIdentifier>{539d47a7-49f3-4d74-820a-0c7207df2dd3}</UniqueIdentifier>
      <Extensions>h;hpp; .. and other options</Extensions>
    </Filter>
    <Filter Include="Resource Files">
      <UniqueIdentifier>{f5f8899a-3003-474f-920e-914d1062dc33}</UniqueIdentifier>
      <Extensions>rc;xml;pem; .. and other options</Extensions>
    </Filter>
  </ItemGroup>
  <ItemGroup>
    <ClCompile Include="ExampleEnclave_t.c">
      <Filter>Generated Files</Filter>
    </ClCompile>
    <ClCompile Include="ExampleEnclave.cpp">
      <Filter>Source Files</Filter>
    </ClCompile>
    <ClCompile Include="ecalls.c">
      <Filter>Source Files</Filter>
    </ClCompile>
    <ClCompile Include="RootCerts.c">
      <Filter>Source Files</Filter>
    </ClCompile>
    <ClCompile Include="s_client.c">
      <Filter>Source Files</Filter>
    </ClCompile>
    <ClCompile Include="s_server.c">
      <Filter>Source Files</Filter>
    </ClCompile>
    <ClCompile Include="Log.c">
      <Filter>Source Files</Filter>
    </ClCompile>
    <ClCompile Include="pprint.c">
      <Filter>Source Files</Filter>
    </ClCompile>
  </ItemGroup>
  <ItemGroup>
    <ClInclude Include="ExampleEnclave_t.h">
      <Filter>Generated Files</Filter>
    </ClInclude>
    <ClInclude Include="RootCerts.h">
      <Filter>Source Files</Filter>
    </ClInclude>
    <ClInclude Include="s_client.h">
      <Filter>Source Files</Filter>
    </ClInclude>
    <ClInclude Include="s_server.h">
      <Filter>Source Files</Filter>
    </ClInclude>
  </ItemGroup>
  <ItemGroup>
    <None Include="ExampleEnclave_private.pem">
      <Filter>Resource Files</Filter>
    </None>
  </ItemGroup>
  <ItemGroup>
    <Xml Include="ExampleEnclave.config.xml">
      <Filter>Resource Files</Filter>
    </Xml>
  </ItemGroup>
  <ItemGroup>
    <CustomBuild Include="ExampleEnclave.edl">
      <Filter>Source Files</Filter>
    </CustomBuild>
  </ItemGroup>
</Project>