
Microsoft Visual Studio Solution File, Format Version 12.00
# Visual Studio 2012
Project("{8BC9CEB8-8B4A-11D0-8D11-00A0C91BC942}") = "mbedtls_tlib", "mbedtls_tlib.vcxproj", "{FCA687C7-AE22-4A5D-8C83-1D73FCB3819C}"
EndProject
Global
	GlobalSection(SolutionConfigurationPlatforms) = preSolution
		Debug|Win32 = Debug|Win32
		Prerelease|Win32 = Prerelease|Win32
		Release|Win32 = Release|Win32
		Simulation|Win32 = Simulation|Win32
	EndGlobalSection
	GlobalSection(ProjectConfigurationPlatforms) = postSolution
		{FCA687C7-AE22-4A5D-8C83-1D73FCB3819C}.Debug|Win32.ActiveCfg = Debug|Win32
		{FCA687C7-AE22-4A5D-8C83-1D73FCB3819C}.Debug|Win32.Build.0 = Debug|Win32
		{FCA687C7-AE22-4A5D-8C83-1D73FCB3819C}.Prerelease|Win32.ActiveCfg = Prerelease|Win32
		{FCA687C7-AE22-4A5D-8C83-1D73FCB3819C}.Prerelease|Win32.Build.0 = Prerelease|Win32
		{FCA687C7-AE22-4A5D-8C83-1D73FCB3819C}.Release|Win32.ActiveCfg = Release|Win32
		{FCA687C7-AE22-4A5D-8C83-1D73FCB3819C}.Release|Win32.Build.0 = Release|Win32
		{FCA687C7-AE22-4A5D-8C83-1D73FCB3819C}.Simulation|Win32.ActiveCfg = Simulation|Win32
		{FCA687C7-AE22-4A5D-8C83-1D73FCB3819C}.Simulation|Win32.Build.0 = Simulation|Win32
	EndGlobalSection
	GlobalSection(SolutionProperties) = preSolution
		HideSolutionNode = FALSE
	EndGlobalSection
EndGlobal
