<?xml version="1.0" encoding="utf-8"?>
<Project ToolsVersion="4.0" xmlns="http://schemas.microsoft.com/developer/msbuild/2003">
  <ItemGroup>
    <Filter Include="Generated Files">
      <UniqueIdentifier>{f3287f0a-2fde-4266-9a23-483d697cc5b1}</UniqueIdentifier>
    </Filter>
    <Filter Include="Source Files">
      <UniqueIdentifier>{65ca94e0-f260-4fc5-8d8b-550d777193d4}</UniqueIdentifier>
      <Extensions>cpp;c;edl;def; .. and other options</Extensions>
    </Filter>
    <Filter Include="Header Files">
      <UniqueIdentifier>{2defa9dc-5fda-4c49-849b-e3f18d7ac547}</UniqueIdentifier>
      <Extensions>h;hpp; .. and other options</Extensions>
    </Filter>
    <Filter Include="Resource Files">
      <UniqueIdentifier>{16a697d3-5629-4b5b-a349-a825240b288f}</UniqueIdentifier>
      <Extensions>rc;xml;pem; .. and other options</Extensions>
    </Filter>
    <Filter Include="mbedtls">
      <UniqueIdentifier>{ab312cc0-d316-478e-9dcd-74750e13058a}</UniqueIdentifier>
    </Filter>
  </ItemGroup>
  <ItemGroup>
    <ClInclude Include="mbedtls_tlib_t.h">
      <Filter>Generated Files</Filter>
    </ClInclude>
  </ItemGroup>
  <ItemGroup>
    <CustomBuild Include="mbedtls_tlib.edl">
      <Filter>Source Files</Filter>
    </CustomBuild>
  </ItemGroup>
  <ItemGroup>
    <ClCompile Include="mbedtls-2.2.1\library\aes.c">
      <Filter>mbedtls</Filter>
    </ClCompile>
    <ClCompile Include="mbedtls-2.2.1\library\aesni.c">
      <Filter>mbedtls</Filter>
    </ClCompile>
    <ClCompile Include="mbedtls-2.2.1\library\arc4.c">
      <Filter>mbedtls</Filter>
    </ClCompile>
    <ClCompile Include="mbedtls-2.2.1\library\asn1parse.c">
      <Filter>mbedtls</Filter>
    </ClCompile>
    <ClCompile Include="mbedtls-2.2.1\library\asn1write.c">
      <Filter>mbedtls</Filter>
    </ClCompile>
    <ClCompile Include="mbedtls-2.2.1\library\base64.c">
      <Filter>mbedtls</Filter>
    </ClCompile>
    <ClCompile Include="mbedtls-2.2.1\library\bignum.c">
      <Filter>mbedtls</Filter>
    </ClCompile>
    <ClCompile Include="mbedtls-2.2.1\library\blowfish.c">
      <Filter>mbedtls</Filter>
    </ClCompile>
    <ClCompile Include="mbedtls-2.2.1\library\camellia.c">
      <Filter>mbedtls</Filter>
    </ClCompile>
    <ClCompile Include="mbedtls-2.2.1\library\ccm.c">
      <Filter>mbedtls</Filter>
    </ClCompile>
    <ClCompile Include="mbedtls-2.2.1\library\certs.c">
      <Filter>mbedtls</Filter>
    </ClCompile>
    <ClCompile Include="mbedtls-2.2.1\library\cipher.c">
      <Filter>mbedtls</Filter>
    </ClCompile>
    <ClCompile Include="mbedtls-2.2.1\library\cipher_wrap.c">
      <Filter>mbedtls</Filter>
    </ClCompile>
    <ClCompile Include="mbedtls-2.2.1\library\ctr_drbg.c">
      <Filter>mbedtls</Filter>
    </ClCompile>
    <ClCompile Include="mbedtls-2.2.1\library\debug.c">
      <Filter>mbedtls</Filter>
    </ClCompile>
    <ClCompile Include="mbedtls-2.2.1\library\des.c">
      <Filter>mbedtls</Filter>
    </ClCompile>
    <ClCompile Include="mbedtls-2.2.1\library\dhm.c">
      <Filter>mbedtls</Filter>
    </ClCompile>
    <ClCompile Include="mbedtls-2.2.1\library\ecdh.c">
      <Filter>mbedtls</Filter>
    </ClCompile>
    <ClCompile Include="mbedtls-2.2.1\library\ecdsa.c">
      <Filter>mbedtls</Filter>
    </ClCompile>
    <ClCompile Include="mbedtls-2.2.1\library\ecjpake.c">
      <Filter>mbedtls</Filter>
    </ClCompile>
    <ClCompile Include="mbedtls-2.2.1\library\ecp.c">
      <Filter>mbedtls</Filter>
    </ClCompile>
    <ClCompile Include="mbedtls-2.2.1\library\ecp_curves.c">
      <Filter>mbedtls</Filter>
    </ClCompile>
    <ClCompile Include="mbedtls-2.2.1\library\entropy.c">
      <Filter>mbedtls</Filter>
    </ClCompile>
    <ClCompile Include="mbedtls-2.2.1\library\entropy_poll.c">
      <Filter>mbedtls</Filter>
    </ClCompile>
    <ClCompile Include="mbedtls-2.2.1\library\error.c">
      <Filter>mbedtls</Filter>
    </ClCompile>
    <ClCompile Include="mbedtls-2.2.1\library\gcm.c">
      <Filter>mbedtls</Filter>
    </ClCompile>
    <ClCompile Include="mbedtls-2.2.1\library\havege.c">
      <Filter>mbedtls</Filter>
    </ClCompile>
    <ClCompile Include="mbedtls-2.2.1\library\hmac_drbg.c">
      <Filter>mbedtls</Filter>
    </ClCompile>
    <ClCompile Include="mbedtls-2.2.1\library\mbedtls_t.c">
      <Filter>mbedtls</Filter>
    </ClCompile>
    <ClCompile Include="mbedtls-2.2.1\library\md.c">
      <Filter>mbedtls</Filter>
    </ClCompile>
    <ClCompile Include="mbedtls-2.2.1\library\md_wrap.c">
      <Filter>mbedtls</Filter>
    </ClCompile>
    <ClCompile Include="mbedtls-2.2.1\library\md2.c">
      <Filter>mbedtls</Filter>
    </ClCompile>
    <ClCompile Include="mbedtls-2.2.1\library\md4.c">
      <Filter>mbedtls</Filter>
    </ClCompile>
    <ClCompile Include="mbedtls-2.2.1\library\md5.c">
      <Filter>mbedtls</Filter>
    </ClCompile>
    <ClCompile Include="mbedtls-2.2.1\library\memory_buffer_alloc.c">
      <Filter>mbedtls</Filter>
    </ClCompile>
    <ClCompile Include="mbedtls-2.2.1\library\net.c">
      <Filter>mbedtls</Filter>
    </ClCompile>
    <ClCompile Include="mbedtls-2.2.1\library\oid.c">
      <Filter>mbedtls</Filter>
    </ClCompile>
    <ClCompile Include="mbedtls-2.2.1\library\padlock.c">
      <Filter>mbedtls</Filter>
    </ClCompile>
    <ClCompile Include="mbedtls-2.2.1\library\pem.c">
      <Filter>mbedtls</Filter>
    </ClCompile>
    <ClCompile Include="mbedtls-2.2.1\library\pk.c">
      <Filter>mbedtls</Filter>
    </ClCompile>
    <ClCompile Include="mbedtls-2.2.1\library\pk_wrap.c">
      <Filter>mbedtls</Filter>
    </ClCompile>
    <ClCompile Include="mbedtls-2.2.1\library\pkcs5.c">
      <Filter>mbedtls</Filter>
    </ClCompile>
    <ClCompile Include="mbedtls-2.2.1\library\pkcs11.c">
      <Filter>mbedtls</Filter>
    </ClCompile>
    <ClCompile Include="mbedtls-2.2.1\library\pkcs12.c">
      <Filter>mbedtls</Filter>
    </ClCompile>
    <ClCompile Include="mbedtls-2.2.1\library\pkparse.c">
      <Filter>mbedtls</Filter>
    </ClCompile>
    <ClCompile Include="mbedtls-2.2.1\library\pkwrite.c">
      <Filter>mbedtls</Filter>
    </ClCompile>
    <ClCompile Include="mbedtls-2.2.1\library\platform.c">
      <Filter>mbedtls</Filter>
    </ClCompile>
    <ClCompile Include="mbedtls-2.2.1\library\ripemd160.c">
      <Filter>mbedtls</Filter>
    </ClCompile>
    <ClCompile Include="mbedtls-2.2.1\library\rsa.c">
      <Filter>mbedtls</Filter>
    </ClCompile>
    <ClCompile Include="mbedtls-2.2.1\library\sha1.c">
      <Filter>mbedtls</Filter>
    </ClCompile>
    <ClCompile Include="mbedtls-2.2.1\library\sha256.c">
      <Filter>mbedtls</Filter>
    </ClCompile>
    <ClCompile Include="mbedtls-2.2.1\library\sha512.c">
      <Filter>mbedtls</Filter>
    </ClCompile>
    <ClCompile Include="mbedtls-2.2.1\library\ssl_cache.c">
      <Filter>mbedtls</Filter>
    </ClCompile>
    <ClCompile Include="mbedtls-2.2.1\library\ssl_ciphersuites.c">
      <Filter>mbedtls</Filter>
    </ClCompile>
    <ClCompile Include="mbedtls-2.2.1\library\ssl_cli.c">
      <Filter>mbedtls</Filter>
    </ClCompile>
    <ClCompile Include="mbedtls-2.2.1\library\ssl_cookie.c">
      <Filter>mbedtls</Filter>
    </ClCompile>
    <ClCompile Include="mbedtls-2.2.1\library\ssl_srv.c">
      <Filter>mbedtls</Filter>
    </ClCompile>
    <ClCompile Include="mbedtls-2.2.1\library\ssl_ticket.c">
      <Filter>mbedtls</Filter>
    </ClCompile>
    <ClCompile Include="mbedtls-2.2.1\library\ssl_tls.c">
      <Filter>mbedtls</Filter>
    </ClCompile>
    <ClCompile Include="mbedtls-2.2.1\library\threading.c">
      <Filter>mbedtls</Filter>
    </ClCompile>
    <ClCompile Include="mbedtls-2.2.1\library\timing.c">
      <Filter>mbedtls</Filter>
    </ClCompile>
    <ClCompile Include="mbedtls-2.2.1\library\version.c">
      <Filter>mbedtls</Filter>
    </ClCompile>
    <ClCompile Include="mbedtls-2.2.1\library\version_features.c">
      <Filter>mbedtls</Filter>
    </ClCompile>
    <ClCompile Include="mbedtls-2.2.1\library\x509.c">
      <Filter>mbedtls</Filter>
    </ClCompile>
    <ClCompile Include="mbedtls-2.2.1\library\x509_create.c">
      <Filter>mbedtls</Filter>
    </ClCompile>
    <ClCompile Include="mbedtls-2.2.1\library\x509_crl.c">
      <Filter>mbedtls</Filter>
    </ClCompile>
    <ClCompile Include="mbedtls-2.2.1\library\x509_crt.c">
      <Filter>mbedtls</Filter>
    </ClCompile>
    <ClCompile Include="mbedtls-2.2.1\library\x509_csr.c">
      <Filter>mbedtls</Filter>
    </ClCompile>
    <ClCompile Include="mbedtls-2.2.1\library\x509write_crt.c">
      <Filter>mbedtls</Filter>
    </ClCompile>
    <ClCompile Include="mbedtls-2.2.1\library\x509write_csr.c">
      <Filter>mbedtls</Filter>
    </ClCompile>
    <ClCompile Include="mbedtls-2.2.1\library\xtea.c">
      <Filter>mbedtls</Filter>
    </ClCompile>
  </ItemGroup>
</Project>